
Microsoft Visual Studio Solution File, Format Version 12.00
# Visual Studio Version 17
VisualStudioVersion = 17.5.33414.496
MinimumVisualStudioVersion = 10.0.40219.1
Project("{9A19103F-16F7-4668-BE54-9A1E7A4F7556}") = "MyShop_WPF_Application", "MyShop_WPF_Application\MyShop_WPF_Application.csproj", "{6FBC1D23-2A72-4CD5-AF78-B7E890F0BCE0}"
EndProject
Global
	GlobalSection(SolutionConfigurationPlatforms) = preSolution
		Debug|Any CPU = Debug|Any CPU
		Release|Any CPU = Release|Any CPU
	EndGlobalSection
	GlobalSection(ProjectConfigurationPlatforms) = postSolution
		{6FBC1D23-2A72-4CD5-AF78-B7E890F0BCE0}.Debug|Any CPU.ActiveCfg = Debug|Any CPU
		{6FBC1D23-2A72-4CD5-AF78-B7E890F0BCE0}.Debug|Any CPU.Build.0 = Debug|Any CPU
		{6FBC1D23-2A72-4CD5-AF78-B7E890F0BCE0}.Release|Any CPU.ActiveCfg = Release|Any CPU
		{6FBC1D23-2A72-4CD5-AF78-B7E890F0BCE0}.Release|Any CPU.Build.0 = Release|Any CPU
	EndGlobalSection
	GlobalSection(SolutionProperties) = preSolution
		HideSolutionNode = FALSE
	EndGlobalSection
	GlobalSection(ExtensibilityGlobals) = postSolution
		SolutionGuid = {33395E51-0B1E-4305-AA80-8459EE27AA62}
	EndGlobalSection
EndGlobal
